
Microsoft Visual Studio Solution File, Format Version 12.00
# Visual Studio Version 17
VisualStudioVersion = 17.10.35004.147
MinimumVisualStudioVersion = 10.0.40219.1
Project("{FAE04EC0-301F-11D3-BF4B-00C04F79EFBC}") = "PruebaAlgoritmoAES-256-CBC", "PruebaAlgoritmoAES-256-CBC\PruebaAlgoritmoAES-256-CBC.csproj", "{A48A56B3-26E9-4F8B-8A3C-80E386360B0F}"
EndProject
Global
	GlobalSection(SolutionConfigurationPlatforms) = preSolution
		Debug|Any CPU = Debug|Any CPU
		Release|Any CPU = Release|Any CPU
	EndGlobalSection
	GlobalSection(ProjectConfigurationPlatforms) = postSolution
		{A48A56B3-26E9-4F8B-8A3C-80E386360B0F}.Debug|Any CPU.ActiveCfg = Debug|Any CPU
		{A48A56B3-26E9-4F8B-8A3C-80E386360B0F}.Debug|Any CPU.Build.0 = Debug|Any CPU
		{A48A56B3-26E9-4F8B-8A3C-80E386360B0F}.Release|Any CPU.ActiveCfg = Release|Any CPU
		{A48A56B3-26E9-4F8B-8A3C-80E386360B0F}.Release|Any CPU.Build.0 = Release|Any CPU
	EndGlobalSection
	GlobalSection(SolutionProperties) = preSolution
		HideSolutionNode = FALSE
	EndGlobalSection
	GlobalSection(ExtensibilityGlobals) = postSolution
		SolutionGuid = {4452E345-3565-47A3-85B2-F8AF45F4AE40}
	EndGlobalSection
EndGlobal
